// !$*UTF8*$!
{
	archiveVersion = 1;
	classes = {
	};
	objectVersion = 50;
	objects = {

/* Begin PBXBuildFile section */
		006F851B22CD7FF700ED830F /* AppDelegate.swift in Sources */ = {isa = PBXBuildFile; fileRef = 006F851A22CD7FF700ED830F /* AppDelegate.swift */; };
		006F852022CD7FF700ED830F /* Main.storyboard in Resources */ = {isa = PBXBuildFile; fileRef = 006F851E22CD7FF700ED830F /* Main.storyboard */; };
		006F852222CD7FF900ED830F /* Assets.xcassets in Resources */ = {isa = PBXBuildFile; fileRef = 006F852122CD7FF900ED830F /* Assets.xcassets */; };
		006F852522CD7FF900ED830F /* LaunchScreen.storyboard in Resources */ = {isa = PBXBuildFile; fileRef = 006F852322CD7FF900ED830F /* LaunchScreen.storyboard */; };
		006F853322CD80D900ED830F /* DataManagerTests.swift in Sources */ = {isa = PBXBuildFile; fileRef = 006F853222CD80D900ED830F /* DataManagerTests.swift */; };
		006F854122CD93BE00ED830F /* ContactsTableViewController.swift in Sources */ = {isa = PBXBuildFile; fileRef = 006F854022CD93BE00ED830F /* ContactsTableViewController.swift */; };
		006F854322CD93D400ED830F /* ContactTableViewCell.swift in Sources */ = {isa = PBXBuildFile; fileRef = 006F854222CD93D400ED830F /* ContactTableViewCell.swift */; };
		006F854822CD961800ED830F /* Contact.swift in Sources */ = {isa = PBXBuildFile; fileRef = 006F854722CD961800ED830F /* Contact.swift */; };
		006F854A22CD974C00ED830F /* ContactViewModel.swift in Sources */ = {isa = PBXBuildFile; fileRef = 006F854922CD974C00ED830F /* ContactViewModel.swift */; };
		006F854D22CD98F300ED830F /* APIClient.swift in Sources */ = {isa = PBXBuildFile; fileRef = 006F854C22CD98F300ED830F /* APIClient.swift */; };
		006F854F22CD9D4C00ED830F /* DataManager.swift in Sources */ = {isa = PBXBuildFile; fileRef = 006F854E22CD9D4C00ED830F /* DataManager.swift */; };
		006F855222CD9DA200ED830F /* Data+Contact.swift in Sources */ = {isa = PBXBuildFile; fileRef = 006F855122CD9DA200ED830F /* Data+Contact.swift */; };
		006F855522CD9E8200ED830F /* Constants.swift in Sources */ = {isa = PBXBuildFile; fileRef = 006F855422CD9E8200ED830F /* Constants.swift */; };
		00BF1E4E22CED86100E661AD /* UIViewController+Contact.swift in Sources */ = {isa = PBXBuildFile; fileRef = 00BF1E4D22CED86100E661AD /* UIViewController+Contact.swift */; };
		00BF1E5622CF154F00E661AD /* ContactUpdateUITests.swift in Sources */ = {isa = PBXBuildFile; fileRef = 00BF1E5522CF154F00E661AD /* ContactUpdateUITests.swift */; };
		00BF1E5E22CF1A8400E661AD /* ActivityView.swift in Sources */ = {isa = PBXBuildFile; fileRef = 00BF1E5D22CF1A8400E661AD /* ActivityView.swift */; };
		00BF1E6022CF286A00E661AD /* PreloadingTableViewCell.swift in Sources */ = {isa = PBXBuildFile; fileRef = 00BF1E5F22CF286A00E661AD /* PreloadingTableViewCell.swift */; };
		00FDECDC22CDB37A00C00B02 /* ContactDetailHeaderView.xib in Resources */ = {isa = PBXBuildFile; fileRef = 00FDECDB22CDB37A00C00B02 /* ContactDetailHeaderView.xib */; };
		00FDECDE22CDB4EF00C00B02 /* ContactDetailTableViewController.swift in Sources */ = {isa = PBXBuildFile; fileRef = 00FDECDD22CDB4EF00C00B02 /* ContactDetailTableViewController.swift */; };
		00FDECE022CDB71A00C00B02 /* ContactDetailHeaderView.swift in Sources */ = {isa = PBXBuildFile; fileRef = 00FDECDF22CDB71A00C00B02 /* ContactDetailHeaderView.swift */; };
		00FDECE222CDBE8500C00B02 /* Utility.swift in Sources */ = {isa = PBXBuildFile; fileRef = 00FDECE122CDBE8500C00B02 /* Utility.swift */; };
		00FDECE422CDC49500C00B02 /* ContactUpdateTableViewController.swift in Sources */ = {isa = PBXBuildFile; fileRef = 00FDECE322CDC49500C00B02 /* ContactUpdateTableViewController.swift */; };
		00FDECE622CDC4B600C00B02 /* ContactEditHeaderView.xib in Resources */ = {isa = PBXBuildFile; fileRef = 00FDECE522CDC4B600C00B02 /* ContactEditHeaderView.xib */; };
		00FDECE822CDC56700C00B02 /* ContactEditHeaderView.swift in Sources */ = {isa = PBXBuildFile; fileRef = 00FDECE722CDC56700C00B02 /* ContactEditHeaderView.swift */; };
		00FDECEB22CE040E00C00B02 /* UIImageView+Contact.swift in Sources */ = {isa = PBXBuildFile; fileRef = 00FDECEA22CE040E00C00B02 /* UIImageView+Contact.swift */; };
/* End PBXBuildFile section */

/* Begin PBXContainerItemProxy section */
		006F853522CD80D900ED830F /* PBXContainerItemProxy */ = {
			isa = PBXContainerItemProxy;
			containerPortal = 006F850F22CD7FF700ED830F /* Project object */;
			proxyType = 1;
			remoteGlobalIDString = 006F851622CD7FF700ED830F;
			remoteInfo = GojekContacts;
		};
		00BF1E5822CF154F00E661AD /* PBXContainerItemProxy */ = {
			isa = PBXContainerItemProxy;
			containerPortal = 006F850F22CD7FF700ED830F /* Project object */;
			proxyType = 1;
			remoteGlobalIDString = 006F851622CD7FF700ED830F;
			remoteInfo = GojekContacts;
		};
/* End PBXContainerItemProxy section */

/* Begin PBXFileReference section */
		006F851722CD7FF700ED830F /* GojekContacts.app */ = {isa = PBXFileReference; explicitFileType = wrapper.application; includeInIndex = 0; path = GojekContacts.app; sourceTree = BUILT_PRODUCTS_DIR; };
		006F851A22CD7FF700ED830F /* AppDelegate.swift */ = {isa = PBXFileReference; lastKnownFileType = sourcecode.swift; path = AppDelegate.swift; sourceTree = "<group>"; };
		006F851F22CD7FF700ED830F /* Base */ = {isa = PBXFileReference; lastKnownFileType = file.storyboard; name = Base; path = Base.lproj/Main.storyboard; sourceTree = "<group>"; };
		006F852122CD7FF900ED830F /* Assets.xcassets */ = {isa = PBXFileReference; lastKnownFileType = folder.assetcatalog; path = Assets.xcassets; sourceTree = "<group>"; };
		006F852422CD7FF900ED830F /* Base */ = {isa = PBXFileReference; lastKnownFileType = file.storyboard; name = Base; path = Base.lproj/LaunchScreen.storyboard; sourceTree = "<group>"; };
		006F852622CD7FF900ED830F /* Info.plist */ = {isa = PBXFileReference; lastKnownFileType = text.plist.xml; path = Info.plist; sourceTree = "<group>"; };
		006F853022CD80D900ED830F /* GojekContactsTests.xctest */ = {isa = PBXFileReference; explicitFileType = wrapper.cfbundle; includeInIndex = 0; path = GojekContactsTests.xctest; sourceTree = BUILT_PRODUCTS_DIR; };
		006F853222CD80D900ED830F /* DataManagerTests.swift */ = {isa = PBXFileReference; lastKnownFileType = sourcecode.swift; path = DataManagerTests.swift; sourceTree = "<group>"; };
		006F853422CD80D900ED830F /* Info.plist */ = {isa = PBXFileReference; lastKnownFileType = text.plist.xml; path = Info.plist; sourceTree = "<group>"; };
		006F854022CD93BE00ED830F /* ContactsTableViewController.swift */ = {isa = PBXFileReference; lastKnownFileType = sourcecode.swift; path = ContactsTableViewController.swift; sourceTree = "<group>"; };
		006F854222CD93D400ED830F /* ContactTableViewCell.swift */ = {isa = PBXFileReference; lastKnownFileType = sourcecode.swift; path = ContactTableViewCell.swift; sourceTree = "<group>"; };
		006F854722CD961800ED830F /* Contact.swift */ = {isa = PBXFileReference; lastKnownFileType = sourcecode.swift; path = Contact.swift; sourceTree = "<group>"; };
		006F854922CD974C00ED830F /* ContactViewModel.swift */ = {isa = PBXFileReference; lastKnownFileType = sourcecode.swift; path = ContactViewModel.swift; sourceTree = "<group>"; };
		006F854C22CD98F300ED830F /* APIClient.swift */ = {isa = PBXFileReference; lastKnownFileType = sourcecode.swift; path = APIClient.swift; sourceTree = "<group>"; };
		006F854E22CD9D4C00ED830F /* DataManager.swift */ = {isa = PBXFileReference; lastKnownFileType = sourcecode.swift; path = DataManager.swift; sourceTree = "<group>"; };
		006F855122CD9DA200ED830F /* Data+Contact.swift */ = {isa = PBXFileReference; lastKnownFileType = sourcecode.swift; path = "Data+Contact.swift"; sourceTree = "<group>"; };
		006F855422CD9E8200ED830F /* Constants.swift */ = {isa = PBXFileReference; lastKnownFileType = sourcecode.swift; path = Constants.swift; sourceTree = "<group>"; };
		00BF1E4D22CED86100E661AD /* UIViewController+Contact.swift */ = {isa = PBXFileReference; lastKnownFileType = sourcecode.swift; path = "UIViewController+Contact.swift"; sourceTree = "<group>"; };
		00BF1E5322CF154F00E661AD /* GojekContactsUITests.xctest */ = {isa = PBXFileReference; explicitFileType = wrapper.cfbundle; includeInIndex = 0; path = GojekContactsUITests.xctest; sourceTree = BUILT_PRODUCTS_DIR; };
		00BF1E5522CF154F00E661AD /* ContactUpdateUITests.swift */ = {isa = PBXFileReference; lastKnownFileType = sourcecode.swift; path = ContactUpdateUITests.swift; sourceTree = "<group>"; };
		00BF1E5722CF154F00E661AD /* Info.plist */ = {isa = PBXFileReference; lastKnownFileType = text.plist.xml; path = Info.plist; sourceTree = "<group>"; };
		00BF1E5D22CF1A8400E661AD /* ActivityView.swift */ = {isa = PBXFileReference; lastKnownFileType = sourcecode.swift; path = ActivityView.swift; sourceTree = "<group>"; };
		00BF1E5F22CF286A00E661AD /* PreloadingTableViewCell.swift */ = {isa = PBXFileReference; lastKnownFileType = sourcecode.swift; path = PreloadingTableViewCell.swift; sourceTree = "<group>"; };
		00FDECDB22CDB37A00C00B02 /* ContactDetailHeaderView.xib */ = {isa = PBXFileReference; lastKnownFileType = file.xib; path = ContactDetailHeaderView.xib; sourceTree = "<group>"; };
		00FDECDD22CDB4EF00C00B02 /* ContactDetailTableViewController.swift */ = {isa = PBXFileReference; lastKnownFileType = sourcecode.swift; path = ContactDetailTableViewController.swift; sourceTree = "<group>"; };
		00FDECDF22CDB71A00C00B02 /* ContactDetailHeaderView.swift */ = {isa = PBXFileReference; lastKnownFileType = sourcecode.swift; path = ContactDetailHeaderView.swift; sourceTree = "<group>"; };
		00FDECE122CDBE8500C00B02 /* Utility.swift */ = {isa = PBXFileReference; lastKnownFileType = sourcecode.swift; path = Utility.swift; sourceTree = "<group>"; };
		00FDECE322CDC49500C00B02 /* ContactUpdateTableViewController.swift */ = {isa = PBXFileReference; lastKnownFileType = sourcecode.swift; path = ContactUpdateTableViewController.swift; sourceTree = "<group>"; };
		00FDECE522CDC4B600C00B02 /* ContactEditHeaderView.xib */ = {isa = PBXFileReference; lastKnownFileType = file.xib; path = ContactEditHeaderView.xib; sourceTree = "<group>"; };
		00FDECE722CDC56700C00B02 /* ContactEditHeaderView.swift */ = {isa = PBXFileReference; lastKnownFileType = sourcecode.swift; path = ContactEditHeaderView.swift; sourceTree = "<group>"; };
		00FDECEA22CE040E00C00B02 /* UIImageView+Contact.swift */ = {isa = PBXFileReference; lastKnownFileType = sourcecode.swift; path = "UIImageView+Contact.swift"; sourceTree = "<group>"; };
/* End PBXFileReference section */

/* Begin PBXFrameworksBuildPhase section */
		006F851422CD7FF700ED830F /* Frameworks */ = {
			isa = PBXFrameworksBuildPhase;
			buildActionMask = 2147483647;
			files = (
			);
			runOnlyForDeploymentPostprocessing = 0;
		};
		006F852D22CD80D900ED830F /* Frameworks */ = {
			isa = PBXFrameworksBuildPhase;
			buildActionMask = 2147483647;
			files = (
			);
			runOnlyForDeploymentPostprocessing = 0;
		};
		00BF1E5022CF154F00E661AD /* Frameworks */ = {
			isa = PBXFrameworksBuildPhase;
			buildActionMask = 2147483647;
			files = (
			);
			runOnlyForDeploymentPostprocessing = 0;
		};
/* End PBXFrameworksBuildPhase section */

/* Begin PBXGroup section */
		006F850E22CD7FF700ED830F = {
			isa = PBXGroup;
			children = (
				006F851922CD7FF700ED830F /* GojekContacts */,
				006F853122CD80D900ED830F /* GojekContactsTests */,
				00BF1E5422CF154F00E661AD /* GojekContactsUITests */,
				006F851822CD7FF700ED830F /* Products */,
			);
			sourceTree = "<group>";
		};
		006F851822CD7FF700ED830F /* Products */ = {
			isa = PBXGroup;
			children = (
				006F851722CD7FF700ED830F /* GojekContacts.app */,
				006F853022CD80D900ED830F /* GojekContactsTests.xctest */,
				00BF1E5322CF154F00E661AD /* GojekContactsUITests.xctest */,
			);
			name = Products;
			sourceTree = "<group>";
		};
		006F851922CD7FF700ED830F /* GojekContacts */ = {
			isa = PBXGroup;
			children = (
				006F854B22CD97F600ED830F /* Helpers */,
				006F854422CD956600ED830F /* Modules */,
				006F853F22CD8D0C00ED830F /* Storyboards */,
				006F851A22CD7FF700ED830F /* AppDelegate.swift */,
				006F852122CD7FF900ED830F /* Assets.xcassets */,
				006F852322CD7FF900ED830F /* LaunchScreen.storyboard */,
				006F852622CD7FF900ED830F /* Info.plist */,
			);
			path = GojekContacts;
			sourceTree = "<group>";
		};
		006F853122CD80D900ED830F /* GojekContactsTests */ = {
			isa = PBXGroup;
			children = (
				006F853222CD80D900ED830F /* DataManagerTests.swift */,
				006F853422CD80D900ED830F /* Info.plist */,
			);
			path = GojekContactsTests;
			sourceTree = "<group>";
		};
		006F853C22CD8CEF00ED830F /* ViewModels */ = {
			isa = PBXGroup;
			children = (
				006F854922CD974C00ED830F /* ContactViewModel.swift */,
			);
			path = ViewModels;
			sourceTree = "<group>";
		};
		006F853D22CD8CFA00ED830F /* Views */ = {
			isa = PBXGroup;
			children = (
				006F854222CD93D400ED830F /* ContactTableViewCell.swift */,
				00FDECDF22CDB71A00C00B02 /* ContactDetailHeaderView.swift */,
				00FDECE722CDC56700C00B02 /* ContactEditHeaderView.swift */,
				00BF1E5F22CF286A00E661AD /* PreloadingTableViewCell.swift */,
			);
			path = Views;
			sourceTree = "<group>";
		};
		006F853E22CD8CFF00ED830F /* ViewControllers */ = {
			isa = PBXGroup;
			children = (
				006F854022CD93BE00ED830F /* ContactsTableViewController.swift */,
				00FDECDD22CDB4EF00C00B02 /* ContactDetailTableViewController.swift */,
				00FDECE322CDC49500C00B02 /* ContactUpdateTableViewController.swift */,
			);
			path = ViewControllers;
			sourceTree = "<group>";
		};
		006F853F22CD8D0C00ED830F /* Storyboards */ = {
			isa = PBXGroup;
			children = (
				006F851E22CD7FF700ED830F /* Main.storyboard */,
			);
			path = Storyboards;
			sourceTree = "<group>";
		};
		006F854422CD956600ED830F /* Modules */ = {
			isa = PBXGroup;
			children = (
				00FDECDA22CDB36000C00B02 /* Nibs */,
				006F854522CD95BB00ED830F /* Models */,
				006F853C22CD8CEF00ED830F /* ViewModels */,
				006F853D22CD8CFA00ED830F /* Views */,
				006F853E22CD8CFF00ED830F /* ViewControllers */,
			);
			path = Modules;
			sourceTree = "<group>";
		};
		006F854522CD95BB00ED830F /* Models */ = {
			isa = PBXGroup;
			children = (
				006F854722CD961800ED830F /* Contact.swift */,
			);
			path = Models;
			sourceTree = "<group>";
		};
		006F854B22CD97F600ED830F /* Helpers */ = {
			isa = PBXGroup;
			children = (
				00FDECE922CDD07300C00B02 /* Network */,
				006F855422CD9E8200ED830F /* Constants.swift */,
				00FDECE122CDBE8500C00B02 /* Utility.swift */,
				006F855022CD9D7500ED830F /* Extensions */,
			);
			path = Helpers;
			sourceTree = "<group>";
		};
		006F855022CD9D7500ED830F /* Extensions */ = {
			isa = PBXGroup;
			children = (
				006F855122CD9DA200ED830F /* Data+Contact.swift */,
				00FDECEA22CE040E00C00B02 /* UIImageView+Contact.swift */,
				00BF1E4D22CED86100E661AD /* UIViewController+Contact.swift */,
			);
			path = Extensions;
			sourceTree = "<group>";
		};
		00BF1E5422CF154F00E661AD /* GojekContactsUITests */ = {
			isa = PBXGroup;
			children = (
				00BF1E5522CF154F00E661AD /* ContactUpdateUITests.swift */,
				00BF1E5722CF154F00E661AD /* Info.plist */,
			);
			path = GojekContactsUITests;
			sourceTree = "<group>";
		};
		00FDECDA22CDB36000C00B02 /* Nibs */ = {
			isa = PBXGroup;
			children = (
				00FDECDB22CDB37A00C00B02 /* ContactDetailHeaderView.xib */,
				00FDECE522CDC4B600C00B02 /* ContactEditHeaderView.xib */,
			);
			path = Nibs;
			sourceTree = "<group>";
		};
		00FDECE922CDD07300C00B02 /* Network */ = {
			isa = PBXGroup;
			children = (
				006F854C22CD98F300ED830F /* APIClient.swift */,
				006F854E22CD9D4C00ED830F /* DataManager.swift */,
				00BF1E5D22CF1A8400E661AD /* ActivityView.swift */,
			);
			path = Network;
			sourceTree = "<group>";
		};
/* End PBXGroup section */

/* Begin PBXNativeTarget section */
		006F851622CD7FF700ED830F /* GojekContacts */ = {
			isa = PBXNativeTarget;
			buildConfigurationList = 006F852922CD7FF900ED830F /* Build configuration list for PBXNativeTarget "GojekContacts" */;
			buildPhases = (
				006F851322CD7FF700ED830F /* Sources */,
				006F851422CD7FF700ED830F /* Frameworks */,
				006F851522CD7FF700ED830F /* Resources */,
			);
			buildRules = (
			);
			dependencies = (
			);
			name = GojekContacts;
			productName = GojekContacts;
			productReference = 006F851722CD7FF700ED830F /* GojekContacts.app */;
			productType = "com.apple.product-type.application";
		};
		006F852F22CD80D900ED830F /* GojekContactsTests */ = {
			isa = PBXNativeTarget;
			buildConfigurationList = 006F853722CD80D900ED830F /* Build configuration list for PBXNativeTarget "GojekContactsTests" */;
			buildPhases = (
				006F852C22CD80D900ED830F /* Sources */,
				006F852D22CD80D900ED830F /* Frameworks */,
				006F852E22CD80D900ED830F /* Resources */,
			);
			buildRules = (
			);
			dependencies = (
				006F853622CD80D900ED830F /* PBXTargetDependency */,
			);
			name = GojekContactsTests;
			productName = GojekContactsTests;
			productReference = 006F853022CD80D900ED830F /* GojekContactsTests.xctest */;
			productType = "com.apple.product-type.bundle.unit-test";
		};
		00BF1E5222CF154F00E661AD /* GojekContactsUITests */ = {
			isa = PBXNativeTarget;
			buildConfigurationList = 00BF1E5A22CF154F00E661AD /* Build configuration list for PBXNativeTarget "GojekContactsUITests" */;
			buildPhases = (
				00BF1E4F22CF154F00E661AD /* Sources */,
				00BF1E5022CF154F00E661AD /* Frameworks */,
				00BF1E5122CF154F00E661AD /* Resources */,
			);
			buildRules = (
			);
			dependencies = (
				00BF1E5922CF154F00E661AD /* PBXTargetDependency */,
			);
			name = GojekContactsUITests;
			productName = GojekContactsUITests;
			productReference = 00BF1E5322CF154F00E661AD /* GojekContactsUITests.xctest */;
			productType = "com.apple.product-type.bundle.ui-testing";
		};
/* End PBXNativeTarget section */

/* Begin PBXProject section */
		006F850F22CD7FF700ED830F /* Project object */ = {
			isa = PBXProject;
			attributes = {
				LastSwiftUpdateCheck = 1020;
				LastUpgradeCheck = 1020;
				ORGANIZATIONNAME = GoSatago;
				TargetAttributes = {
					006F851622CD7FF700ED830F = {
						CreatedOnToolsVersion = 10.2.1;
					};
					006F852F22CD80D900ED830F = {
						CreatedOnToolsVersion = 10.2.1;
						TestTargetID = 006F851622CD7FF700ED830F;
					};
					00BF1E5222CF154F00E661AD = {
						CreatedOnToolsVersion = 10.2.1;
						TestTargetID = 006F851622CD7FF700ED830F;
					};
				};
			};
			buildConfigurationList = 006F851222CD7FF700ED830F /* Build configuration list for PBXProject "GojekContacts" */;
			compatibilityVersion = "Xcode 9.3";
			developmentRegion = en;
			hasScannedForEncodings = 0;
			knownRegions = (
				en,
				Base,
			);
			mainGroup = 006F850E22CD7FF700ED830F;
			productRefGroup = 006F851822CD7FF700ED830F /* Products */;
			projectDirPath = "";
			projectRoot = "";
			targets = (
				006F851622CD7FF700ED830F /* GojekContacts */,
				006F852F22CD80D900ED830F /* GojekContactsTests */,
				00BF1E5222CF154F00E661AD /* GojekContactsUITests */,
			);
		};
/* End PBXProject section */

/* Begin PBXResourcesBuildPhase section */
		006F851522CD7FF700ED830F /* Resources */ = {
			isa = PBXResourcesBuildPhase;
			buildActionMask = 2147483647;
			files = (
				00FDECE622CDC4B600C00B02 /* ContactEditHeaderView.xib in Resources */,
				006F852522CD7FF900ED830F /* LaunchScreen.storyboard in Resources */,
				006F852222CD7FF900ED830F /* Assets.xcassets in Resources */,
				006F852022CD7FF700ED830F /* Main.storyboard in Resources */,
				00FDECDC22CDB37A00C00B02 /* ContactDetailHeaderView.xib in Resources */,
			);
			runOnlyForDeploymentPostprocessing = 0;
		};
		006F852E22CD80D900ED830F /* Resources */ = {
			isa = PBXResourcesBuildPhase;
			buildActionMask = 2147483647;
			files = (
			);
			runOnlyForDeploymentPostprocessing = 0;
		};
		00BF1E5122CF154F00E661AD /* Resources */ = {
			isa = PBXResourcesBuildPhase;
			buildActionMask = 2147483647;
			files = (
			);
			runOnlyForDeploymentPostprocessing = 0;
		};
/* End PBXResourcesBuildPhase section */

/* Begin PBXSourcesBuildPhase section */
		006F851322CD7FF700ED830F /* Sources */ = {
			isa = PBXSourcesBuildPhase;
			buildActionMask = 2147483647;
			files = (
				006F854322CD93D400ED830F /* ContactTableViewCell.swift in Sources */,
				006F854D22CD98F300ED830F /* APIClient.swift in Sources */,
				00FDECE022CDB71A00C00B02 /* ContactDetailHeaderView.swift in Sources */,
				006F854A22CD974C00ED830F /* ContactViewModel.swift in Sources */,
				006F854822CD961800ED830F /* Contact.swift in Sources */,
				006F855522CD9E8200ED830F /* Constants.swift in Sources */,
				00BF1E6022CF286A00E661AD /* PreloadingTableViewCell.swift in Sources */,
				00FDECE822CDC56700C00B02 /* ContactEditHeaderView.swift in Sources */,
				006F851B22CD7FF700ED830F /* AppDelegate.swift in Sources */,
				006F855222CD9DA200ED830F /* Data+Contact.swift in Sources */,
				00BF1E5E22CF1A8400E661AD /* ActivityView.swift in Sources */,
				00FDECEB22CE040E00C00B02 /* UIImageView+Contact.swift in Sources */,
				00FDECE222CDBE8500C00B02 /* Utility.swift in Sources */,
				006F854122CD93BE00ED830F /* ContactsTableViewController.swift in Sources */,
				006F854F22CD9D4C00ED830F /* DataManager.swift in Sources */,
				00BF1E4E22CED86100E661AD /* UIViewController+Contact.swift in Sources */,
				00FDECDE22CDB4EF00C00B02 /* ContactDetailTableViewController.swift in Sources */,
				00FDECE422CDC49500C00B02 /* ContactUpdateTableViewController.swift in Sources */,
			);
			runOnlyForDeploymentPostprocessing = 0;
		};
		006F852C22CD80D900ED830F /* Sources */ = {
			isa = PBXSourcesBuildPhase;
			buildActionMask = 2147483647;
			files = (
				006F853322CD80D900ED830F /* DataManagerTests.swift in Sources */,
			);
			runOnlyForDeploymentPostprocessing = 0;
		};
		00BF1E4F22CF154F00E661AD /* Sources */ = {
			isa = PBXSourcesBuildPhase;
			buildActionMask = 2147483647;
			files = (
				00BF1E5622CF154F00E661AD /* ContactUpdateUITests.swift in Sources */,
			);
			runOnlyForDeploymentPostprocessing = 0;
		};
/* End PBXSourcesBuildPhase section */

/* Begin PBXTargetDependency section */
		006F853622CD80D900ED830F /* PBXTargetDependency */ = {
			isa = PBXTargetDependency;
			target = 006F851622CD7FF700ED830F /* GojekContacts */;
			targetProxy = 006F853522CD80D900ED830F /* PBXContainerItemProxy */;
		};
		00BF1E5922CF154F00E661AD /* PBXTargetDependency */ = {
			isa = PBXTargetDependency;
			target = 006F851622CD7FF700ED830F /* GojekContacts */;
			targetProxy = 00BF1E5822CF154F00E661AD /* PBXContainerItemProxy */;
		};
/* End PBXTargetDependency section */

/* Begin PBXVariantGroup section */
		006F851E22CD7FF700ED830F /* Main.storyboard */ = {
			isa = PBXVariantGroup;
			children = (
				006F851F22CD7FF700ED830F /* Base */,
			);
			name = Main.storyboard;
			sourceTree = "<group>";
		};
		006F852322CD7FF900ED830F /* LaunchScreen.storyboard */ = {
			isa = PBXVariantGroup;
			children = (
				006F852422CD7FF900ED830F /* Base */,
			);
			name = LaunchScreen.storyboard;
			sourceTree = "<group>";
		};
/* End PBXVariantGroup section */

/* Begin XCBuildConfiguration section */
		006F852722CD7FF900ED830F /* Debug */ = {
			isa = XCBuildConfiguration;
			buildSettings = {
				ALWAYS_SEARCH_USER_PATHS = NO;
				CLANG_ANALYZER_NONNULL = YES;
				CLANG_ANALYZER_NUMBER_OBJECT_CONVERSION = YES_AGGRESSIVE;
				CLANG_CXX_LANGUAGE_STANDARD = "gnu++14";
				CLANG_CXX_LIBRARY = "libc++";
				CLANG_ENABLE_MODULES = YES;
				CLANG_ENABLE_OBJC_ARC = YES;
				CLANG_ENABLE_OBJC_WEAK = YES;
				CLANG_WARN_BLOCK_CAPTURE_AUTORELEASING = YES;
				CLANG_WARN_BOOL_CONVERSION = YES;
				CLANG_WARN_COMMA = YES;
				CLANG_WARN_CONSTANT_CONVERSION = YES;
				CLANG_WARN_DEPRECATED_OBJC_IMPLEMENTATIONS = YES;
				CLANG_WARN_DIRECT_OBJC_ISA_USAGE = YES_ERROR;
				CLANG_WARN_DOCUMENTATION_COMMENTS = YES;
				CLANG_WARN_EMPTY_BODY = YES;
				CLANG_WARN_ENUM_CONVERSION = YES;
				CLANG_WARN_INFINITE_RECURSION = YES;
				CLANG_WARN_INT_CONVERSION = YES;
				CLANG_WARN_NON_LITERAL_NULL_CONVERSION = YES;
				CLANG_WARN_OBJC_IMPLICIT_RETAIN_SELF = YES;
				CLANG_WARN_OBJC_LITERAL_CONVERSION = YES;
				CLANG_WARN_OBJC_ROOT_CLASS = YES_ERROR;
				CLANG_WARN_RANGE_LOOP_ANALYSIS = YES;
				CLANG_WARN_STRICT_PROTOTYPES = YES;
				CLANG_WARN_SUSPICIOUS_MOVE = YES;
				CLANG_WARN_UNGUARDED_AVAILABILITY = YES_AGGRESSIVE;
				CLANG_WARN_UNREACHABLE_CODE = YES;
				CLANG_WARN__DUPLICATE_METHOD_MATCH = YES;
				CODE_SIGN_IDENTITY = "iPhone Developer";
				COPY_PHASE_STRIP = NO;
				DEBUG_INFORMATION_FORMAT = dwarf;
				ENABLE_STRICT_OBJC_MSGSEND = YES;
				ENABLE_TESTABILITY = YES;
				GCC_C_LANGUAGE_STANDARD = gnu11;
				GCC_DYNAMIC_NO_PIC = NO;
				GCC_NO_COMMON_BLOCKS = YES;
				GCC_OPTIMIZATION_LEVEL = 0;
				GCC_PREPROCESSOR_DEFINITIONS = (
					"DEBUG=1",
					"$(inherited)",
				);
				GCC_WARN_64_TO_32_BIT_CONVERSION = YES;
				GCC_WARN_ABOUT_RETURN_TYPE = YES_ERROR;
				GCC_WARN_UNDECLARED_SELECTOR = YES;
				GCC_WARN_UNINITIALIZED_AUTOS = YES_AGGRESSIVE;
				GCC_WARN_UNUSED_FUNCTION = YES;
				GCC_WARN_UNUSED_VARIABLE = YES;
				IPHONEOS_DEPLOYMENT_TARGET = 12.2;
				MTL_ENABLE_DEBUG_INFO = INCLUDE_SOURCE;
				MTL_FAST_MATH = YES;
				ONLY_ACTIVE_ARCH = YES;
				SDKROOT = iphoneos;
				SWIFT_ACTIVE_COMPILATION_CONDITIONS = DEBUG;
				SWIFT_OPTIMIZATION_LEVEL = "-Onone";
				SWIFT_VERSION = 5.0;
			};
			name = Debug;
		};
		006F852822CD7FF900ED830F /* Release */ = {
			isa = XCBuildConfiguration;
			buildSettings = {
				ALWAYS_SEARCH_USER_PATHS = NO;
				CLANG_ANALYZER_NONNULL = YES;
				CLANG_ANALYZER_NUMBER_OBJECT_CONVERSION = YES_AGGRESSIVE;
				CLANG_CXX_LANGUAGE_STANDARD = "gnu++14";
				CLANG_CXX_LIBRARY = "libc++";
				CLANG_ENABLE_MODULES = YES;
				CLANG_ENABLE_OBJC_ARC = YES;
				CLANG_ENABLE_OBJC_WEAK = YES;
				CLANG_WARN_BLOCK_CAPTURE_AUTORELEASING = YES;
				CLANG_WARN_BOOL_CONVERSION = YES;
				CLANG_WARN_COMMA = YES;
				CLANG_WARN_CONSTANT_CONVERSION = YES;
				CLANG_WARN_DEPRECATED_OBJC_IMPLEMENTATIONS = YES;
				CLANG_WARN_DIRECT_OBJC_ISA_USAGE = YES_ERROR;
				CLANG_WARN_DOCUMENTATION_COMMENTS = YES;
				CLANG_WARN_EMPTY_BODY = YES;
				CLANG_WARN_ENUM_CONVERSION = YES;
				CLANG_WARN_INFINITE_RECURSION = YES;
				CLANG_WARN_INT_CONVERSION = YES;
				CLANG_WARN_NON_LITERAL_NULL_CONVERSION = YES;
				CLANG_WARN_OBJC_IMPLICIT_RETAIN_SELF = YES;
				CLANG_WARN_OBJC_LITERAL_CONVERSION = YES;
				CLANG_WARN_OBJC_ROOT_CLASS = YES_ERROR;
				CLANG_WARN_RANGE_LOOP_ANALYSIS = YES;
				CLANG_WARN_STRICT_PROTOTYPES = YES;
				CLANG_WARN_SUSPICIOUS_MOVE = YES;
				CLANG_WARN_UNGUARDED_AVAILABILITY = YES_AGGRESSIVE;
				CLANG_WARN_UNREACHABLE_CODE = YES;
				CLANG_WARN__DUPLICATE_METHOD_MATCH = YES;
				CODE_SIGN_IDENTITY = "iPhone Developer";
				COPY_PHASE_STRIP = NO;
				DEBUG_INFORMATION_FORMAT = "dwarf-with-dsym";
				ENABLE_NS_ASSERTIONS = NO;
				ENABLE_STRICT_OBJC_MSGSEND = YES;
				GCC_C_LANGUAGE_STANDARD = gnu11;
				GCC_NO_COMMON_BLOCKS = YES;
				GCC_WARN_64_TO_32_BIT_CONVERSION = YES;
				GCC_WARN_ABOUT_RETURN_TYPE = YES_ERROR;
				GCC_WARN_UNDECLARED_SELECTOR = YES;
				GCC_WARN_UNINITIALIZED_AUTOS = YES_AGGRESSIVE;
				GCC_WARN_UNUSED_FUNCTION = YES;
				GCC_WARN_UNUSED_VARIABLE = YES;
				IPHONEOS_DEPLOYMENT_TARGET = 12.2;
				MTL_ENABLE_DEBUG_INFO = NO;
				MTL_FAST_MATH = YES;
				SDKROOT = iphoneos;
				SWIFT_COMPILATION_MODE = wholemodule;
				SWIFT_OPTIMIZATION_LEVEL = "-O";
				SWIFT_VERSION = 5.0;
				VALIDATE_PRODUCT = YES;
			};
			name = Release;
		};
		006F852A22CD7FF900ED830F /* Debug */ = {
			isa = XCBuildConfiguration;
			buildSettings = {
				ASSETCATALOG_COMPILER_APPICON_NAME = AppIcon;
				CODE_SIGN_STYLE = Automatic;
				DEVELOPMENT_TEAM = FU5DHAC5M7;
				INFOPLIST_FILE = GojekContacts/Info.plist;
				LD_RUNPATH_SEARCH_PATHS = (
					"$(inherited)",
					"@executable_path/Frameworks",
				);
				PRODUCT_BUNDLE_IDENTIFIER = com.gosatagoapps.GojekContacts;
				PRODUCT_NAME = "$(TARGET_NAME)";
				SWIFT_VERSION = 5.0;
				TARGETED_DEVICE_FAMILY = "1,2";
			};
			name = Debug;
		};
		006F852B22CD7FF900ED830F /* Release */ = {
			isa = XCBuildConfiguration;
			buildSettings = {
				ASSETCATALOG_COMPILER_APPICON_NAME = AppIcon;
				CODE_SIGN_STYLE = Automatic;
				DEVELOPMENT_TEAM = FU5DHAC5M7;
				INFOPLIST_FILE = GojekContacts/Info.plist;
				LD_RUNPATH_SEARCH_PATHS = (
					"$(inherited)",
					"@executable_path/Frameworks",
				);
				PRODUCT_BUNDLE_IDENTIFIER = com.gosatagoapps.GojekContacts;
				PRODUCT_NAME = "$(TARGET_NAME)";
				SWIFT_VERSION = 5.0;
				TARGETED_DEVICE_FAMILY = "1,2";
			};
			name = Release;
		};
		006F853822CD80D900ED830F /* Debug */ = {
			isa = XCBuildConfiguration;
			buildSettings = {
				BUNDLE_LOADER = "$(TEST_HOST)";
				CODE_SIGN_STYLE = Automatic;
				DEVELOPMENT_TEAM = FU5DHAC5M7;
				INFOPLIST_FILE = GojekContactsTests/Info.plist;
				LD_RUNPATH_SEARCH_PATHS = (
					"$(inherited)",
					"@executable_path/Frameworks",
					"@loader_path/Frameworks",
				);
				PRODUCT_BUNDLE_IDENTIFIER = com.gosatagoapps.GojekContactsTests;
				PRODUCT_NAME = "$(TARGET_NAME)";
				SWIFT_VERSION = 5.0;
				TARGETED_DEVICE_FAMILY = "1,2";
				TEST_HOST = "$(BUILT_PRODUCTS_DIR)/GojekContacts.app/GojekContacts";
			};
			name = Debug;
		};
		006F853922CD80D900ED830F /* Release */ = {
			isa = XCBuildConfiguration;
			buildSettings = {
				BUNDLE_LOADER = "$(TEST_HOST)";
				CODE_SIGN_STYLE = Automatic;
				DEVELOPMENT_TEAM = FU5DHAC5M7;
				INFOPLIST_FILE = GojekContactsTests/Info.plist;
				LD_RUNPATH_SEARCH_PATHS = (
					"$(inherited)",
					"@executable_path/Frameworks",
					"@loader_path/Frameworks",
				);
				PRODUCT_BUNDLE_IDENTIFIER = com.gosatagoapps.GojekContactsTests;
				PRODUCT_NAME = "$(TARGET_NAME)";
				SWIFT_VERSION = 5.0;
				TARGETED_DEVICE_FAMILY = "1,2";
				TEST_HOST = "$(BUILT_PRODUCTS_DIR)/GojekContacts.app/GojekContacts";
			};
			name = Release;
		};
		00BF1E5B22CF154F00E661AD /* Debug */ = {
			isa = XCBuildConfiguration;
			buildSettings = {
				CODE_SIGN_STYLE = Automatic;
				DEVELOPMENT_TEAM = FU5DHAC5M7;
				INFOPLIST_FILE = GojekContactsUITests/Info.plist;
				LD_RUNPATH_SEARCH_PATHS = (
					"$(inherited)",
					"@executable_path/Frameworks",
					"@loader_path/Frameworks",
				);
				PRODUCT_BUNDLE_IDENTIFIER = com.gosatagoapps.GojekContactsUITests;
				PRODUCT_NAME = "$(TARGET_NAME)";
				SWIFT_VERSION = 5.0;
				TARGETED_DEVICE_FAMILY = "1,2";
				TEST_TARGET_NAME = GojekContacts;
			};
			name = Debug;
		};
		00BF1E5C22CF154F00E661AD /* Release */ = {
			isa = XCBuildConfiguration;
			buildSettings = {
				CODE_SIGN_STYLE = Automatic;
				DEVELOPMENT_TEAM = FU5DHAC5M7;
				INFOPLIST_FILE = GojekContactsUITests/Info.plist;
				LD_RUNPATH_SEARCH_PATHS = (
					"$(inherited)",
					"@executable_path/Frameworks",
					"@loader_path/Frameworks",
				);
				PRODUCT_BUNDLE_IDENTIFIER = com.gosatagoapps.GojekContactsUITests;
				PRODUCT_NAME = "$(TARGET_NAME)";
				SWIFT_VERSION = 5.0;
				TARGETED_DEVICE_FAMILY = "1,2";
				TEST_TARGET_NAME = GojekContacts;
			};
			name = Release;
		};
/* End XCBuildConfiguration section */

/* Begin XCConfigurationList section */
		006F851222CD7FF700ED830F /* Build configuration list for PBXProject "GojekContacts" */ = {
			isa = XCConfigurationList;
			buildConfigurations = (
				006F852722CD7FF900ED830F /* Debug */,
				006F852822CD7FF900ED830F /* Release */,
			);
			defaultConfigurationIsVisible = 0;
			defaultConfigurationName = Release;
		};
		006F852922CD7FF900ED830F /* Build configuration list for PBXNativeTarget "GojekContacts" */ = {
			isa = XCConfigurationList;
			buildConfigurations = (
				006F852A22CD7FF900ED830F /* Debug */,
				006F852B22CD7FF900ED830F /* Release */,
			);
			defaultConfigurationIsVisible = 0;
			defaultConfigurationName = Release;
		};
		006F853722CD80D900ED830F /* Build configuration list for PBXNativeTarget "GojekContactsTests" */ = {
			isa = XCConfigurationList;
			buildConfigurations = (
				006F853822CD80D900ED830F /* Debug */,
				006F853922CD80D900ED830F /* Release */,
			);
			defaultConfigurationIsVisible = 0;
			defaultConfigurationName = Release;
		};
		00BF1E5A22CF154F00E661AD /* Build configuration list for PBXNativeTarget "GojekContactsUITests" */ = {
			isa = XCConfigurationList;
			buildConfigurations = (
				00BF1E5B22CF154F00E661AD /* Debug */,
				00BF1E5C22CF154F00E661AD /* Release */,
			);
			defaultConfigurationIsVisible = 0;
			defaultConfigurationName = Release;
		};
/* End XCConfigurationList section */
	};
	rootObject = 006F850F22CD7FF700ED830F /* Project object */;
}
